{
    "version": 3,
    "terraform_version": "0.11.13",
    "serial": 6,
    "lineage": "fd2a72d8-d3f9-d09a-44f7-9f86400b3d9d",
    "modules": [
        {
            "path": [
                "root"
            ],
            "outputs": {},
            "resources": {
                "aws_eip.nat": {
                    "type": "aws_eip",
                    "depends_on": [],
                    "primary": {
                        "id": "eipalloc-08e5cd49ff8723488",
                        "attributes": {
                            "association_id": "",
                            "domain": "vpc",
                            "id": "eipalloc-08e5cd49ff8723488",
                            "instance": "",
                            "network_interface": "",
                            "private_ip": "",
                            "public_dns": "ec2-52-10-147-87.us-west-2.compute.amazonaws.com",
                            "public_ip": "52.10.147.87",
                            "public_ipv4_pool": "amazon",
                            "tags.%": "0",
                            "vpc": "true"
                        },
                        "meta": {
                            "e2bfb730-ecaa-11e6-8f88-34363bc7c4c0": {
                                "delete": 180000000000,
                                "read": 900000000000,
                                "update": 300000000000
                            }
                        },
                        "tainted": false
                    },
                    "deposed": [],
                    "provider": "provider.aws"
                },
                "aws_instance.example": {
                    "type": "aws_instance",
                    "depends_on": [
                        "aws_key_pair.mykeypair",
                        "aws_security_group.allow-ssh",
                        "aws_subnet.main-public-1"
                    ],
                    "primary": {
                        "id": "i-015e92c2925012abb",
                        "attributes": {
                            "ami": "ami-0ce12824a7ff6de3f",
                            "arn": "arn:aws:ec2:us-west-2:969138188957:instance/i-015e92c2925012abb",
                            "associate_public_ip_address": "true",
                            "availability_zone": "us-west-2a",
                            "cpu_core_count": "1",
                            "cpu_threads_per_core": "1",
                            "credit_specification.#": "1",
                            "credit_specification.0.cpu_credits": "standard",
                            "disable_api_termination": "false",
                            "ebs_block_device.#": "0",
                            "ebs_optimized": "false",
                            "ephemeral_block_device.#": "0",
                            "get_password_data": "false",
                            "iam_instance_profile": "",
                            "id": "i-015e92c2925012abb",
                            "instance_state": "running",
                            "instance_type": "t2.micro",
                            "ipv6_address_count": "0",
                            "ipv6_addresses.#": "0",
                            "key_name": "mykeypair",
                            "monitoring": "false",
                            "network_interface.#": "0",
                            "password_data": "",
                            "placement_group": "",
                            "primary_network_interface_id": "eni-0f3f8bebd352befd7",
                            "private_dns": "ip-10-0-1-63.us-west-2.compute.internal",
                            "private_ip": "10.0.1.63",
                            "public_dns": "ec2-18-236-116-28.us-west-2.compute.amazonaws.com",
                            "public_ip": "18.236.116.28",
                            "root_block_device.#": "1",
                            "root_block_device.0.delete_on_termination": "true",
                            "root_block_device.0.iops": "0",
                            "root_block_device.0.volume_id": "vol-04660780e260f37e5",
                            "root_block_device.0.volume_size": "8",
                            "root_block_device.0.volume_type": "standard",
                            "security_groups.#": "0",
                            "source_dest_check": "true",
                            "subnet_id": "subnet-08d7cb790ca0a6499",
                            "tags.%": "0",
                            "tenancy": "default",
                            "volume_tags.%": "0",
                            "vpc_security_group_ids.#": "1",
                            "vpc_security_group_ids.4011974713": "sg-076fe8fbe50486e8e"
                        },
                        "meta": {
                            "e2bfb730-ecaa-11e6-8f88-34363bc7c4c0": {
                                "create": 600000000000,
                                "delete": 1200000000000,
                                "update": 600000000000
                            },
                            "schema_version": "1"
                        },
                        "tainted": false
                    },
                    "deposed": [],
                    "provider": "provider.aws"
                },
                "aws_internet_gateway.main-gw": {
                    "type": "aws_internet_gateway",
                    "depends_on": [
                        "aws_vpc.main"
                    ],
                    "primary": {
                        "id": "igw-0acda41fc05da5809",
                        "attributes": {
                            "id": "igw-0acda41fc05da5809",
                            "owner_id": "969138188957",
                            "tags.%": "1",
                            "tags.Name": "main",
                            "vpc_id": "vpc-0deaedea25dfbd116"
                        },
                        "meta": {},
                        "tainted": false
                    },
                    "deposed": [],
                    "provider": "provider.aws"
                },
                "aws_key_pair.mykeypair": {
                    "type": "aws_key_pair",
                    "depends_on": [],
                    "primary": {
                        "id": "mykeypair",
                        "attributes": {
                            "fingerprint": "1d:d4:60:72:05:46:d8:9a:c6:2b:5e:c3:db:1b:34:ec",
                            "id": "mykeypair",
                            "key_name": "mykeypair",
                            "public_key": "ssh-rsa AAAAB3NzaC1yc2EAAAADAQABAAABAQDh6VPzdjqVAj0jIXNmqVORNOBpVly4D6io7G1w76Z+JZ++iXOibil58/345rOOwUZ3HDc6x5/HKEcmIHTRTFz9TS8YO77UsgimeajpQTpFIRqksuhbBMeHnEhBY02vqFhhLWhkADSI5h6STpgR+QIue6XScjPj2PpyvknJQF1AD1kwdV5ercitCejqO8kfLN5Jr/d0fJy8V+6NEcTueaBFKNTxEtedNtctAk1Yt07I4AHfptFOKHVDhZGf2AUVGJhJe2hGQw+thuERVc33/6VYGxCiYYflAkLFZsWIg8SH3b21KVFWQhxrr1FNokFEpyUCG8C+tYJUaE7qUdpilfUl ratmistr@RATMISTR-M-K12P"
                        },
                        "meta": {
                            "schema_version": "1"
                        },
                        "tainted": false
                    },
                    "deposed": [],
                    "provider": "provider.aws"
                },
                "aws_nat_gateway.nat-gw": {
                    "type": "aws_nat_gateway",
                    "depends_on": [
                        "aws_eip.nat",
                        "aws_internet_gateway.main-gw",
                        "aws_subnet.main-public-1"
                    ],
                    "primary": {
                        "id": "nat-050652d663936bb93",
                        "attributes": {
                            "allocation_id": "eipalloc-08e5cd49ff8723488",
                            "id": "nat-050652d663936bb93",
                            "network_interface_id": "eni-03caae7f4146bcfe2",
                            "private_ip": "10.0.1.99",
                            "public_ip": "52.10.147.87",
                            "subnet_id": "subnet-08d7cb790ca0a6499",
                            "tags.%": "0"
                        },
                        "meta": {},
                        "tainted": false
                    },
                    "deposed": [],
                    "provider": "provider.aws"
                },
                "aws_route_table.main-private": {
                    "type": "aws_route_table",
                    "depends_on": [
                        "aws_nat_gateway.nat-gw",
                        "aws_vpc.main"
                    ],
                    "primary": {
                        "id": "rtb-0a7bd77eb5d864f02",
                        "attributes": {
                            "id": "rtb-0a7bd77eb5d864f02",
                            "owner_id": "969138188957",
                            "propagating_vgws.#": "0",
                            "route.#": "1",
                            "route.1464633424.cidr_block": "0.0.0.0/0",
                            "route.1464633424.egress_only_gateway_id": "",
                            "route.1464633424.gateway_id": "",
                            "route.1464633424.instance_id": "",
                            "route.1464633424.ipv6_cidr_block": "",
                            "route.1464633424.nat_gateway_id": "nat-050652d663936bb93",
                            "route.1464633424.network_interface_id": "",
                            "route.1464633424.transit_gateway_id": "",
                            "route.1464633424.vpc_peering_connection_id": "",
                            "tags.%": "1",
                            "tags.Name": "main-private-1",
                            "vpc_id": "vpc-0deaedea25dfbd116"
                        },
                        "meta": {},
                        "tainted": false
                    },
                    "deposed": [],
                    "provider": "provider.aws"
                },
                "aws_route_table.main-public": {
                    "type": "aws_route_table",
                    "depends_on": [
                        "aws_internet_gateway.main-gw",
                        "aws_vpc.main"
                    ],
                    "primary": {
                        "id": "rtb-0d394e294e722254d",
                        "attributes": {
                            "id": "rtb-0d394e294e722254d",
                            "owner_id": "969138188957",
                            "propagating_vgws.#": "0",
                            "route.#": "1",
                            "route.2097793668.cidr_block": "0.0.0.0/0",
                            "route.2097793668.egress_only_gateway_id": "",
                            "route.2097793668.gateway_id": "igw-0acda41fc05da5809",
                            "route.2097793668.instance_id": "",
                            "route.2097793668.ipv6_cidr_block": "",
                            "route.2097793668.nat_gateway_id": "",
                            "route.2097793668.network_interface_id": "",
                            "route.2097793668.transit_gateway_id": "",
                            "route.2097793668.vpc_peering_connection_id": "",
                            "tags.%": "1",
                            "tags.Name": "main-public-1",
                            "vpc_id": "vpc-0deaedea25dfbd116"
                        },
                        "meta": {},
                        "tainted": false
                    },
                    "deposed": [],
                    "provider": "provider.aws"
                },
                "aws_route_table_association.main-private-1-a": {
                    "type": "aws_route_table_association",
                    "depends_on": [
                        "aws_route_table.main-private",
                        "aws_subnet.main-private-1"
                    ],
                    "primary": {
                        "id": "rtbassoc-023ddeee0c42d0781",
                        "attributes": {
                            "id": "rtbassoc-023ddeee0c42d0781",
                            "route_table_id": "rtb-0a7bd77eb5d864f02",
                            "subnet_id": "subnet-04033ecd11a9cd91f"
                        },
                        "meta": {},
                        "tainted": false
                    },
                    "deposed": [],
                    "provider": "provider.aws"
                },
                "aws_route_table_association.main-private-2-a": {
                    "type": "aws_route_table_association",
                    "depends_on": [
                        "aws_route_table.main-private",
                        "aws_subnet.main-private-2"
                    ],
                    "primary": {
                        "id": "rtbassoc-0a32a1a7013b8345f",
                        "attributes": {
                            "id": "rtbassoc-0a32a1a7013b8345f",
                            "route_table_id": "rtb-0a7bd77eb5d864f02",
                            "subnet_id": "subnet-04ee7d63ab8397b08"
                        },
                        "meta": {},
                        "tainted": false
                    },
                    "deposed": [],
                    "provider": "provider.aws"
                },
                "aws_route_table_association.main-private-3-a": {
                    "type": "aws_route_table_association",
                    "depends_on": [
                        "aws_route_table.main-private",
                        "aws_subnet.main-private-3"
                    ],
                    "primary": {
                        "id": "rtbassoc-090008f2611507d77",
                        "attributes": {
                            "id": "rtbassoc-090008f2611507d77",
                            "route_table_id": "rtb-0a7bd77eb5d864f02",
                            "subnet_id": "subnet-0019837782bc1847c"
                        },
                        "meta": {},
                        "tainted": false
                    },
                    "deposed": [],
                    "provider": "provider.aws"
                },
                "aws_route_table_association.main-public-1-a": {
                    "type": "aws_route_table_association",
                    "depends_on": [
                        "aws_route_table.main-public",
                        "aws_subnet.main-public-1"
                    ],
                    "primary": {
                        "id": "rtbassoc-0e231df9f095eca12",
                        "attributes": {
                            "id": "rtbassoc-0e231df9f095eca12",
                            "route_table_id": "rtb-0d394e294e722254d",
                            "subnet_id": "subnet-08d7cb790ca0a6499"
                        },
                        "meta": {},
                        "tainted": false
                    },
                    "deposed": [],
                    "provider": "provider.aws"
                },
                "aws_route_table_association.main-public-2-a": {
                    "type": "aws_route_table_association",
                    "depends_on": [
                        "aws_route_table.main-public",
                        "aws_subnet.main-public-2"
                    ],
                    "primary": {
                        "id": "rtbassoc-0eb25444ec324fc26",
                        "attributes": {
                            "id": "rtbassoc-0eb25444ec324fc26",
                            "route_table_id": "rtb-0d394e294e722254d",
                            "subnet_id": "subnet-030f0645bf5abcccd"
                        },
                        "meta": {},
                        "tainted": false
                    },
                    "deposed": [],
                    "provider": "provider.aws"
                },
                "aws_route_table_association.main-public-3-a": {
                    "type": "aws_route_table_association",
                    "depends_on": [
                        "aws_route_table.main-public",
                        "aws_subnet.main-public-3"
                    ],
                    "primary": {
                        "id": "rtbassoc-0e306a5e765e4d969",
                        "attributes": {
                            "id": "rtbassoc-0e306a5e765e4d969",
                            "route_table_id": "rtb-0d394e294e722254d",
                            "subnet_id": "subnet-0ccd3c1e6371d8e3f"
                        },
                        "meta": {},
                        "tainted": false
                    },
                    "deposed": [],
                    "provider": "provider.aws"
                },
                "aws_security_group.allow-ssh": {
                    "type": "aws_security_group",
                    "depends_on": [
                        "aws_vpc.main"
                    ],
                    "primary": {
                        "id": "sg-076fe8fbe50486e8e",
                        "attributes": {
                            "arn": "arn:aws:ec2:us-west-2:969138188957:security-group/sg-076fe8fbe50486e8e",
                            "description": "security group that allows ssh and all egress traffic",
                            "egress.#": "1",
                            "egress.482069346.cidr_blocks.#": "1",
                            "egress.482069346.cidr_blocks.0": "0.0.0.0/0",
                            "egress.482069346.description": "",
                            "egress.482069346.from_port": "0",
                            "egress.482069346.ipv6_cidr_blocks.#": "0",
                            "egress.482069346.prefix_list_ids.#": "0",
                            "egress.482069346.protocol": "-1",
                            "egress.482069346.security_groups.#": "0",
                            "egress.482069346.self": "false",
                            "egress.482069346.to_port": "0",
                            "id": "sg-076fe8fbe50486e8e",
                            "ingress.#": "1",
                            "ingress.2541437006.cidr_blocks.#": "1",
                            "ingress.2541437006.cidr_blocks.0": "0.0.0.0/0",
                            "ingress.2541437006.description": "",
                            "ingress.2541437006.from_port": "22",
                            "ingress.2541437006.ipv6_cidr_blocks.#": "0",
                            "ingress.2541437006.prefix_list_ids.#": "0",
                            "ingress.2541437006.protocol": "tcp",
                            "ingress.2541437006.security_groups.#": "0",
                            "ingress.2541437006.self": "false",
                            "ingress.2541437006.to_port": "22",
                            "name": "allow-ssh",
                            "owner_id": "969138188957",
                            "revoke_rules_on_delete": "false",
                            "tags.%": "1",
                            "tags.Name": "allow-ssh",
                            "vpc_id": "vpc-0deaedea25dfbd116"
                        },
                        "meta": {
                            "e2bfb730-ecaa-11e6-8f88-34363bc7c4c0": {
                                "create": 600000000000,
                                "delete": 600000000000
                            },
                            "schema_version": "1"
                        },
                        "tainted": false
                    },
                    "deposed": [],
                    "provider": "provider.aws"
                },
                "aws_subnet.main-private-1": {
                    "type": "aws_subnet",
                    "depends_on": [
                        "aws_vpc.main"
                    ],
                    "primary": {
                        "id": "subnet-04033ecd11a9cd91f",
                        "attributes": {
                            "arn": "arn:aws:ec2:us-west-2:969138188957:subnet/subnet-04033ecd11a9cd91f",
                            "assign_ipv6_address_on_creation": "false",
                            "availability_zone": "us-west-2a",
                            "availability_zone_id": "usw2-az2",
                            "cidr_block": "10.0.4.0/24",
                            "id": "subnet-04033ecd11a9cd91f",
                            "ipv6_cidr_block": "",
                            "ipv6_cidr_block_association_id": "",
                            "map_public_ip_on_launch": "false",
                            "owner_id": "969138188957",
                            "tags.%": "1",
                            "tags.Name": "main-private-1",
                            "vpc_id": "vpc-0deaedea25dfbd116"
                        },
                        "meta": {
                            "e2bfb730-ecaa-11e6-8f88-34363bc7c4c0": {
                                "create": 600000000000,
                                "delete": 600000000000
                            },
                            "schema_version": "1"
                        },
                        "tainted": false
                    },
                    "deposed": [],
                    "provider": "provider.aws"
                },
                "aws_subnet.main-private-2": {
                    "type": "aws_subnet",
                    "depends_on": [
                        "aws_vpc.main"
                    ],
                    "primary": {
                        "id": "subnet-04ee7d63ab8397b08",
                        "attributes": {
                            "arn": "arn:aws:ec2:us-west-2:969138188957:subnet/subnet-04ee7d63ab8397b08",
                            "assign_ipv6_address_on_creation": "false",
                            "availability_zone": "us-west-2b",
                            "availability_zone_id": "usw2-az1",
                            "cidr_block": "10.0.5.0/24",
                            "id": "subnet-04ee7d63ab8397b08",
                            "ipv6_cidr_block": "",
                            "ipv6_cidr_block_association_id": "",
                            "map_public_ip_on_launch": "false",
                            "owner_id": "969138188957",
                            "tags.%": "1",
                            "tags.Name": "main-private-2",
                            "vpc_id": "vpc-0deaedea25dfbd116"
                        },
                        "meta": {
                            "e2bfb730-ecaa-11e6-8f88-34363bc7c4c0": {
                                "create": 600000000000,
                                "delete": 600000000000
                            },
                            "schema_version": "1"
                        },
                        "tainted": false
                    },
                    "deposed": [],
                    "provider": "provider.aws"
                },
                "aws_subnet.main-private-3": {
                    "type": "aws_subnet",
                    "depends_on": [
                        "aws_vpc.main"
                    ],
                    "primary": {
                        "id": "subnet-0019837782bc1847c",
                        "attributes": {
                            "arn": "arn:aws:ec2:us-west-2:969138188957:subnet/subnet-0019837782bc1847c",
                            "assign_ipv6_address_on_creation": "false",
                            "availability_zone": "us-west-2c",
                            "availability_zone_id": "usw2-az3",
                            "cidr_block": "10.0.6.0/24",
                            "id": "subnet-0019837782bc1847c",
                            "ipv6_cidr_block": "",
                            "ipv6_cidr_block_association_id": "",
                            "map_public_ip_on_launch": "false",
                            "owner_id": "969138188957",
                            "tags.%": "1",
                            "tags.Name": "main-private-3",
                            "vpc_id": "vpc-0deaedea25dfbd116"
                        },
                        "meta": {
                            "e2bfb730-ecaa-11e6-8f88-34363bc7c4c0": {
                                "create": 600000000000,
                                "delete": 600000000000
                            },
                            "schema_version": "1"
                        },
                        "tainted": false
                    },
                    "deposed": [],
                    "provider": "provider.aws"
                },
                "aws_subnet.main-public-1": {
                    "type": "aws_subnet",
                    "depends_on": [
                        "aws_vpc.main"
                    ],
                    "primary": {
                        "id": "subnet-08d7cb790ca0a6499",
                        "attributes": {
                            "arn": "arn:aws:ec2:us-west-2:969138188957:subnet/subnet-08d7cb790ca0a6499",
                            "assign_ipv6_address_on_creation": "false",
                            "availability_zone": "us-west-2a",
                            "availability_zone_id": "usw2-az2",
                            "cidr_block": "10.0.1.0/24",
                            "id": "subnet-08d7cb790ca0a6499",
                            "ipv6_cidr_block": "",
                            "ipv6_cidr_block_association_id": "",
                            "map_public_ip_on_launch": "true",
                            "owner_id": "969138188957",
                            "tags.%": "1",
                            "tags.Name": "main-public-1",
                            "vpc_id": "vpc-0deaedea25dfbd116"
                        },
                        "meta": {
                            "e2bfb730-ecaa-11e6-8f88-34363bc7c4c0": {
                                "create": 600000000000,
                                "delete": 600000000000
                            },
                            "schema_version": "1"
                        },
                        "tainted": false
                    },
                    "deposed": [],
                    "provider": "provider.aws"
                },
                "aws_subnet.main-public-2": {
                    "type": "aws_subnet",
                    "depends_on": [
                        "aws_vpc.main"
                    ],
                    "primary": {
                        "id": "subnet-030f0645bf5abcccd",
                        "attributes": {
                            "arn": "arn:aws:ec2:us-west-2:969138188957:subnet/subnet-030f0645bf5abcccd",
                            "assign_ipv6_address_on_creation": "false",
                            "availability_zone": "us-west-2b",
                            "availability_zone_id": "usw2-az1",
                            "cidr_block": "10.0.2.0/24",
                            "id": "subnet-030f0645bf5abcccd",
                            "ipv6_cidr_block": "",
                            "ipv6_cidr_block_association_id": "",
                            "map_public_ip_on_launch": "true",
                            "owner_id": "969138188957",
                            "tags.%": "1",
                            "tags.Name": "main-public-2",
                            "vpc_id": "vpc-0deaedea25dfbd116"
                        },
                        "meta": {
                            "e2bfb730-ecaa-11e6-8f88-34363bc7c4c0": {
                                "create": 600000000000,
                                "delete": 600000000000
                            },
                            "schema_version": "1"
                        },
                        "tainted": false
                    },
                    "deposed": [],
                    "provider": "provider.aws"
                },
                "aws_subnet.main-public-3": {
                    "type": "aws_subnet",
                    "depends_on": [
                        "aws_vpc.main"
                    ],
                    "primary": {
                        "id": "subnet-0ccd3c1e6371d8e3f",
                        "attributes": {
                            "arn": "arn:aws:ec2:us-west-2:969138188957:subnet/subnet-0ccd3c1e6371d8e3f",
                            "assign_ipv6_address_on_creation": "false",
                            "availability_zone": "us-west-2c",
                            "availability_zone_id": "usw2-az3",
                            "cidr_block": "10.0.3.0/24",
                            "id": "subnet-0ccd3c1e6371d8e3f",
                            "ipv6_cidr_block": "",
                            "ipv6_cidr_block_association_id": "",
                            "map_public_ip_on_launch": "true",
                            "owner_id": "969138188957",
                            "tags.%": "1",
                            "tags.Name": "main-public-3",
                            "vpc_id": "vpc-0deaedea25dfbd116"
                        },
                        "meta": {
                            "e2bfb730-ecaa-11e6-8f88-34363bc7c4c0": {
                                "create": 600000000000,
                                "delete": 600000000000
                            },
                            "schema_version": "1"
                        },
                        "tainted": false
                    },
                    "deposed": [],
                    "provider": "provider.aws"
                },
                "aws_vpc.main": {
                    "type": "aws_vpc",
                    "depends_on": [],
                    "primary": {
                        "id": "vpc-0deaedea25dfbd116",
                        "attributes": {
                            "arn": "arn:aws:ec2:us-west-2:969138188957:vpc/vpc-0deaedea25dfbd116",
                            "assign_generated_ipv6_cidr_block": "false",
                            "cidr_block": "10.0.0.0/16",
                            "default_network_acl_id": "acl-015a7c7e6556dacaa",
                            "default_route_table_id": "rtb-062415e155daaec73",
                            "default_security_group_id": "sg-03eaf19c38e4f9a48",
                            "dhcp_options_id": "dopt-84cf62e0",
                            "enable_classiclink": "false",
                            "enable_classiclink_dns_support": "false",
                            "enable_dns_hostnames": "true",
                            "enable_dns_support": "true",
                            "id": "vpc-0deaedea25dfbd116",
                            "instance_tenancy": "default",
                            "ipv6_association_id": "",
                            "ipv6_cidr_block": "",
                            "main_route_table_id": "rtb-062415e155daaec73",
                            "owner_id": "969138188957",
                            "tags.%": "1",
                            "tags.Name": "main"
                        },
                        "meta": {
                            "schema_version": "1"
                        },
                        "tainted": false
                    },
                    "deposed": [],
                    "provider": "provider.aws"
                }
            },
            "depends_on": []
        }
    ]
}
